
Microsoft Visual Studio Solution File, Format Version 12.00
# Visual Studio Version 16
VisualStudioVersion = 16.0.31424.327
MinimumVisualStudioVersion = 10.0.40219.1
Project("{FAE04EC0-301F-11D3-BF4B-00C04F79EFBC}") = "AddressBookDAY10", "AddressBookDAY10.csproj", "{5ED0E8B8-2B5F-439A-AE21-1EFC636DB3DC}"
EndProject
Global
	GlobalSection(SolutionConfigurationPlatforms) = preSolution
		Debug|Any CPU = Debug|Any CPU
		Release|Any CPU = Release|Any CPU
	EndGlobalSection
	GlobalSection(ProjectConfigurationPlatforms) = postSolution
		{5ED0E8B8-2B5F-439A-AE21-1EFC636DB3DC}.Debug|Any CPU.ActiveCfg = Debug|Any CPU
		{5ED0E8B8-2B5F-439A-AE21-1EFC636DB3DC}.Debug|Any CPU.Build.0 = Debug|Any CPU
		{5ED0E8B8-2B5F-439A-AE21-1EFC636DB3DC}.Release|Any CPU.ActiveCfg = Release|Any CPU
		{5ED0E8B8-2B5F-439A-AE21-1EFC636DB3DC}.Release|Any CPU.Build.0 = Release|Any CPU
	EndGlobalSection
	GlobalSection(SolutionProperties) = preSolution
		HideSolutionNode = FALSE
	EndGlobalSection
	GlobalSection(ExtensibilityGlobals) = postSolution
		SolutionGuid = {B5310C0E-FBA7-4FFB-9B95-C86343AC0167}
	EndGlobalSection
EndGlobal
